// !$*UTF8*$!
{
	archiveVersion = 1;
	classes = {
	};
	objectVersion = 46;
	objects = {

/* Begin PBXBuildFile section */
		D0A5A7881A4617640076EC41 /* main.m in Sources */ = {isa = PBXBuildFile; fileRef = D0A5A7871A4617640076EC41 /* main.m */; };
		D0A5A78B1A4617640076EC41 /* AppDelegate.m in Sources */ = {isa = PBXBuildFile; fileRef = D0A5A78A1A4617640076EC41 /* AppDelegate.m */; };
		D0A5A78E1A4617640076EC41 /* ViewController.m in Sources */ = {isa = PBXBuildFile; fileRef = D0A5A78D1A4617640076EC41 /* ViewController.m */; };
		D0A5A7911A4617640076EC41 /* Main.storyboard in Resources */ = {isa = PBXBuildFile; fileRef = D0A5A78F1A4617640076EC41 /* Main.storyboard */; };
		D0A5A7931A4617640076EC41 /* Images.xcassets in Resources */ = {isa = PBXBuildFile; fileRef = D0A5A7921A4617640076EC41 /* Images.xcassets */; };
		D0A5A7961A4617640076EC41 /* LaunchScreen.xib in Resources */ = {isa = PBXBuildFile; fileRef = D0A5A7941A4617640076EC41 /* LaunchScreen.xib */; };
		D0A5A7A21A4617640076EC41 /* easy_find_2Tests.m in Sources */ = {isa = PBXBuildFile; fileRef = D0A5A7A11A4617640076EC41 /* easy_find_2Tests.m */; };
		D0A5A7AD1A4647FD0076EC41 /* Bolts.framework in Frameworks */ = {isa = PBXBuildFile; fileRef = D0A5A7AB1A4647FD0076EC41 /* Bolts.framework */; };
		D0A5A7AE1A4647FD0076EC41 /* Parse.framework in Frameworks */ = {isa = PBXBuildFile; fileRef = D0A5A7AC1A4647FD0076EC41 /* Parse.framework */; };
		D0A5A7B11A46481A0076EC41 /* AudioToolbox.framework in Frameworks */ = {isa = PBXBuildFile; fileRef = D0A5A7B01A46481A0076EC41 /* AudioToolbox.framework */; };
		D0A5A7B31A46481F0076EC41 /* CFNetwork.framework in Frameworks */ = {isa = PBXBuildFile; fileRef = D0A5A7B21A46481F0076EC41 /* CFNetwork.framework */; };
		D0A5A7B51A4648260076EC41 /* CoreGraphics.framework in Frameworks */ = {isa = PBXBuildFile; fileRef = D0A5A7B41A4648260076EC41 /* CoreGraphics.framework */; };
		D0A5A7B71A4648330076EC41 /* CoreLocation.framework in Frameworks */ = {isa = PBXBuildFile; fileRef = D0A5A7B61A4648330076EC41 /* CoreLocation.framework */; };
		D0A5A7B91A46483B0076EC41 /* MobileCoreServices.framework in Frameworks */ = {isa = PBXBuildFile; fileRef = D0A5A7B81A46483B0076EC41 /* MobileCoreServices.framework */; };
		D0A5A7BB1A4648420076EC41 /* QuartzCore.framework in Frameworks */ = {isa = PBXBuildFile; fileRef = D0A5A7BA1A4648420076EC41 /* QuartzCore.framework */; };
		D0A5A7BD1A4648480076EC41 /* Security.framework in Frameworks */ = {isa = PBXBuildFile; fileRef = D0A5A7BC1A4648480076EC41 /* Security.framework */; };
		D0A5A7BF1A46484F0076EC41 /* StoreKit.framework in Frameworks */ = {isa = PBXBuildFile; fileRef = D0A5A7BE1A46484F0076EC41 /* StoreKit.framework */; };
		D0A5A7C11A4648590076EC41 /* SystemConfiguration.framework in Frameworks */ = {isa = PBXBuildFile; fileRef = D0A5A7C01A4648590076EC41 /* SystemConfiguration.framework */; };
		D0A5A7C31A46485E0076EC41 /* libz.dylib in Frameworks */ = {isa = PBXBuildFile; fileRef = D0A5A7C21A46485E0076EC41 /* libz.dylib */; };
		D0A5A7C51A4648660076EC41 /* libsqlite3.dylib in Frameworks */ = {isa = PBXBuildFile; fileRef = D0A5A7C41A4648660076EC41 /* libsqlite3.dylib */; };
		D0A5A7C71A4654660076EC41 /* API.config.h in Resources */ = {isa = PBXBuildFile; fileRef = D0A5A7C61A4654660076EC41 /* API.config.h */; };
		D0A5A7D01A465DEF0076EC41 /* mapblurred@1x.png in Resources */ = {isa = PBXBuildFile; fileRef = D0A5A7CD1A465DEF0076EC41 /* mapblurred@1x.png */; };
		D0A5A7D11A465DEF0076EC41 /* mapblurred@2x.png in Resources */ = {isa = PBXBuildFile; fileRef = D0A5A7CE1A465DEF0076EC41 /* mapblurred@2x.png */; };
		D0A5A7D21A465DEF0076EC41 /* mapblurred@3x.png in Resources */ = {isa = PBXBuildFile; fileRef = D0A5A7CF1A465DEF0076EC41 /* mapblurred@3x.png */; };
		D0A5A7D61A46602B0076EC41 /* usernamefield.png in Resources */ = {isa = PBXBuildFile; fileRef = D0A5A7D31A46602B0076EC41 /* usernamefield.png */; };
		D0A5A7D71A46602B0076EC41 /* usernamefield@2x.png in Resources */ = {isa = PBXBuildFile; fileRef = D0A5A7D41A46602B0076EC41 /* usernamefield@2x.png */; };
		D0A5A7D81A46602B0076EC41 /* usernamefield@3x.png in Resources */ = {isa = PBXBuildFile; fileRef = D0A5A7D51A46602B0076EC41 /* usernamefield@3x.png */; };
/* End PBXBuildFile section */

/* Begin PBXContainerItemProxy section */
		D0A5A79C1A4617640076EC41 /* PBXContainerItemProxy */ = {
			isa = PBXContainerItemProxy;
			containerPortal = D0A5A77A1A4617640076EC41 /* Project object */;
			proxyType = 1;
			remoteGlobalIDString = D0A5A7811A4617640076EC41;
			remoteInfo = "easy find 2";
		};
/* End PBXContainerItemProxy section */

/* Begin PBXFileReference section */
		D0A5A7821A4617640076EC41 /* easy find 2.app */ = {isa = PBXFileReference; explicitFileType = wrapper.application; includeInIndex = 0; path = "easy find 2.app"; sourceTree = BUILT_PRODUCTS_DIR; };
		D0A5A7861A4617640076EC41 /* Info.plist */ = {isa = PBXFileReference; lastKnownFileType = text.plist.xml; path = Info.plist; sourceTree = "<group>"; };
		D0A5A7871A4617640076EC41 /* main.m */ = {isa = PBXFileReference; lastKnownFileType = sourcecode.c.objc; path = main.m; sourceTree = "<group>"; };
		D0A5A7891A4617640076EC41 /* AppDelegate.h */ = {isa = PBXFileReference; lastKnownFileType = sourcecode.c.h; path = AppDelegate.h; sourceTree = "<group>"; };
		D0A5A78A1A4617640076EC41 /* AppDelegate.m */ = {isa = PBXFileReference; lastKnownFileType = sourcecode.c.objc; path = AppDelegate.m; sourceTree = "<group>"; };
		D0A5A78C1A4617640076EC41 /* ViewController.h */ = {isa = PBXFileReference; lastKnownFileType = sourcecode.c.h; path = ViewController.h; sourceTree = "<group>"; };
		D0A5A78D1A4617640076EC41 /* ViewController.m */ = {isa = PBXFileReference; lastKnownFileType = sourcecode.c.objc; path = ViewController.m; sourceTree = "<group>"; };
		D0A5A7901A4617640076EC41 /* Base */ = {isa = PBXFileReference; lastKnownFileType = file.storyboard; name = Base; path = Base.lproj/Main.storyboard; sourceTree = "<group>"; };
		D0A5A7921A4617640076EC41 /* Images.xcassets */ = {isa = PBXFileReference; lastKnownFileType = folder.assetcatalog; path = Images.xcassets; sourceTree = "<group>"; };
		D0A5A7951A4617640076EC41 /* Base */ = {isa = PBXFileReference; lastKnownFileType = file.xib; name = Base; path = Base.lproj/LaunchScreen.xib; sourceTree = "<group>"; };
		D0A5A79B1A4617640076EC41 /* easy find 2Tests.xctest */ = {isa = PBXFileReference; explicitFileType = wrapper.cfbundle; includeInIndex = 0; path = "easy find 2Tests.xctest"; sourceTree = BUILT_PRODUCTS_DIR; };
		D0A5A7A01A4617640076EC41 /* Info.plist */ = {isa = PBXFileReference; lastKnownFileType = text.plist.xml; path = Info.plist; sourceTree = "<group>"; };
		D0A5A7A11A4617640076EC41 /* easy_find_2Tests.m */ = {isa = PBXFileReference; lastKnownFileType = sourcecode.c.objc; path = easy_find_2Tests.m; sourceTree = "<group>"; };
		D0A5A7AB1A4647FD0076EC41 /* Bolts.framework */ = {isa = PBXFileReference; lastKnownFileType = wrapper.framework; path = Bolts.framework; sourceTree = "<group>"; };
		D0A5A7AC1A4647FD0076EC41 /* Parse.framework */ = {isa = PBXFileReference; lastKnownFileType = wrapper.framework; path = Parse.framework; sourceTree = "<group>"; };
		D0A5A7B01A46481A0076EC41 /* AudioToolbox.framework */ = {isa = PBXFileReference; lastKnownFileType = wrapper.framework; name = AudioToolbox.framework; path = System/Library/Frameworks/AudioToolbox.framework; sourceTree = SDKROOT; };
		D0A5A7B21A46481F0076EC41 /* CFNetwork.framework */ = {isa = PBXFileReference; lastKnownFileType = wrapper.framework; name = CFNetwork.framework; path = System/Library/Frameworks/CFNetwork.framework; sourceTree = SDKROOT; };
		D0A5A7B41A4648260076EC41 /* CoreGraphics.framework */ = {isa = PBXFileReference; lastKnownFileType = wrapper.framework; name = CoreGraphics.framework; path = System/Library/Frameworks/CoreGraphics.framework; sourceTree = SDKROOT; };
		D0A5A7B61A4648330076EC41 /* CoreLocation.framework */ = {isa = PBXFileReference; lastKnownFileType = wrapper.framework; name = CoreLocation.framework; path = System/Library/Frameworks/CoreLocation.framework; sourceTree = SDKROOT; };
		D0A5A7B81A46483B0076EC41 /* MobileCoreServices.framework */ = {isa = PBXFileReference; lastKnownFileType = wrapper.framework; name = MobileCoreServices.framework; path = System/Library/Frameworks/MobileCoreServices.framework; sourceTree = SDKROOT; };
		D0A5A7BA1A4648420076EC41 /* QuartzCore.framework */ = {isa = PBXFileReference; lastKnownFileType = wrapper.framework; name = QuartzCore.framework; path = System/Library/Frameworks/QuartzCore.framework; sourceTree = SDKROOT; };
		D0A5A7BC1A4648480076EC41 /* Security.framework */ = {isa = PBXFileReference; lastKnownFileType = wrapper.framework; name = Security.framework; path = System/Library/Frameworks/Security.framework; sourceTree = SDKROOT; };
		D0A5A7BE1A46484F0076EC41 /* StoreKit.framework */ = {isa = PBXFileReference; lastKnownFileType = wrapper.framework; name = StoreKit.framework; path = System/Library/Frameworks/StoreKit.framework; sourceTree = SDKROOT; };
		D0A5A7C01A4648590076EC41 /* SystemConfiguration.framework */ = {isa = PBXFileReference; lastKnownFileType = wrapper.framework; name = SystemConfiguration.framework; path = System/Library/Frameworks/SystemConfiguration.framework; sourceTree = SDKROOT; };
		D0A5A7C21A46485E0076EC41 /* libz.dylib */ = {isa = PBXFileReference; lastKnownFileType = "compiled.mach-o.dylib"; name = libz.dylib; path = usr/lib/libz.dylib; sourceTree = SDKROOT; };
		D0A5A7C41A4648660076EC41 /* libsqlite3.dylib */ = {isa = PBXFileReference; lastKnownFileType = "compiled.mach-o.dylib"; name = libsqlite3.dylib; path = usr/lib/libsqlite3.dylib; sourceTree = SDKROOT; };
		D0A5A7C61A4654660076EC41 /* API.config.h */ = {isa = PBXFileReference; fileEncoding = 4; lastKnownFileType = sourcecode.c.h; path = API.config.h; sourceTree = "<group>"; };
		D0A5A7CD1A465DEF0076EC41 /* mapblurred@1x.png */ = {isa = PBXFileReference; lastKnownFileType = image.png; path = "mapblurred@1x.png"; sourceTree = "<group>"; };
		D0A5A7CE1A465DEF0076EC41 /* mapblurred@2x.png */ = {isa = PBXFileReference; lastKnownFileType = image.png; path = "mapblurred@2x.png"; sourceTree = "<group>"; };
		D0A5A7CF1A465DEF0076EC41 /* mapblurred@3x.png */ = {isa = PBXFileReference; lastKnownFileType = image.png; path = "mapblurred@3x.png"; sourceTree = "<group>"; };
		D0A5A7D31A46602B0076EC41 /* usernamefield.png */ = {isa = PBXFileReference; lastKnownFileType = image.png; path = usernamefield.png; sourceTree = "<group>"; };
		D0A5A7D41A46602B0076EC41 /* usernamefield@2x.png */ = {isa = PBXFileReference; lastKnownFileType = image.png; path = "usernamefield@2x.png"; sourceTree = "<group>"; };
		D0A5A7D51A46602B0076EC41 /* usernamefield@3x.png */ = {isa = PBXFileReference; lastKnownFileType = image.png; path = "usernamefield@3x.png"; sourceTree = "<group>"; };
/* End PBXFileReference section */

/* Begin PBXFrameworksBuildPhase section */
		D0A5A77F1A4617640076EC41 /* Frameworks */ = {
			isa = PBXFrameworksBuildPhase;
			buildActionMask = 2147483647;
			files = (
				D0A5A7C51A4648660076EC41 /* libsqlite3.dylib in Frameworks */,
				D0A5A7C31A46485E0076EC41 /* libz.dylib in Frameworks */,
				D0A5A7C11A4648590076EC41 /* SystemConfiguration.framework in Frameworks */,
				D0A5A7BF1A46484F0076EC41 /* StoreKit.framework in Frameworks */,
				D0A5A7BD1A4648480076EC41 /* Security.framework in Frameworks */,
				D0A5A7BB1A4648420076EC41 /* QuartzCore.framework in Frameworks */,
				D0A5A7B91A46483B0076EC41 /* MobileCoreServices.framework in Frameworks */,
				D0A5A7B71A4648330076EC41 /* CoreLocation.framework in Frameworks */,
				D0A5A7B51A4648260076EC41 /* CoreGraphics.framework in Frameworks */,
				D0A5A7B31A46481F0076EC41 /* CFNetwork.framework in Frameworks */,
				D0A5A7B11A46481A0076EC41 /* AudioToolbox.framework in Frameworks */,
				D0A5A7AE1A4647FD0076EC41 /* Parse.framework in Frameworks */,
				D0A5A7AD1A4647FD0076EC41 /* Bolts.framework in Frameworks */,
			);
			runOnlyForDeploymentPostprocessing = 0;
		};
		D0A5A7981A4617640076EC41 /* Frameworks */ = {
			isa = PBXFrameworksBuildPhase;
			buildActionMask = 2147483647;
			files = (
			);
			runOnlyForDeploymentPostprocessing = 0;
		};
/* End PBXFrameworksBuildPhase section */

/* Begin PBXGroup section */
		D0A5A7791A4617640076EC41 = {
			isa = PBXGroup;
			children = (
				D0A5A7841A4617640076EC41 /* easy find 2 */,
				D0A5A79E1A4617640076EC41 /* easy find 2Tests */,
				D0A5A7831A4617640076EC41 /* Products */,
			);
			sourceTree = "<group>";
		};
		D0A5A7831A4617640076EC41 /* Products */ = {
			isa = PBXGroup;
			children = (
				D0A5A7821A4617640076EC41 /* easy find 2.app */,
				D0A5A79B1A4617640076EC41 /* easy find 2Tests.xctest */,
			);
			name = Products;
			sourceTree = "<group>";
		};
		D0A5A7841A4617640076EC41 /* easy find 2 */ = {
			isa = PBXGroup;
			children = (
				D0A5A7C61A4654660076EC41 /* API.config.h */,
				D0A5A7891A4617640076EC41 /* AppDelegate.h */,
				D0A5A78A1A4617640076EC41 /* AppDelegate.m */,
				D0A5A78C1A4617640076EC41 /* ViewController.h */,
				D0A5A78D1A4617640076EC41 /* ViewController.m */,
				D0A5A78F1A4617640076EC41 /* Main.storyboard */,
				D0A5A7921A4617640076EC41 /* Images.xcassets */,
				D0A5A7941A4617640076EC41 /* LaunchScreen.xib */,
				D0A5A7C81A465C550076EC41 /* Images */,
				D0A5A7AF1A4648060076EC41 /* Frameworks */,
				D0A5A7851A4617640076EC41 /* Supporting Files */,
			);
			path = "easy find 2";
			sourceTree = "<group>";
		};
		D0A5A7851A4617640076EC41 /* Supporting Files */ = {
			isa = PBXGroup;
			children = (
				D0A5A7861A4617640076EC41 /* Info.plist */,
				D0A5A7871A4617640076EC41 /* main.m */,
			);
			name = "Supporting Files";
			sourceTree = "<group>";
		};
		D0A5A79E1A4617640076EC41 /* easy find 2Tests */ = {
			isa = PBXGroup;
			children = (
				D0A5A7A11A4617640076EC41 /* easy_find_2Tests.m */,
				D0A5A79F1A4617640076EC41 /* Supporting Files */,
			);
			path = "easy find 2Tests";
			sourceTree = "<group>";
		};
		D0A5A79F1A4617640076EC41 /* Supporting Files */ = {
			isa = PBXGroup;
			children = (
				D0A5A7A01A4617640076EC41 /* Info.plist */,
			);
			name = "Supporting Files";
			sourceTree = "<group>";
		};
		D0A5A7AF1A4648060076EC41 /* Frameworks */ = {
			isa = PBXGroup;
			children = (
				D0A5A7C41A4648660076EC41 /* libsqlite3.dylib */,
				D0A5A7C21A46485E0076EC41 /* libz.dylib */,
				D0A5A7C01A4648590076EC41 /* SystemConfiguration.framework */,
				D0A5A7BE1A46484F0076EC41 /* StoreKit.framework */,
				D0A5A7BC1A4648480076EC41 /* Security.framework */,
				D0A5A7BA1A4648420076EC41 /* QuartzCore.framework */,
				D0A5A7B81A46483B0076EC41 /* MobileCoreServices.framework */,
				D0A5A7B61A4648330076EC41 /* CoreLocation.framework */,
				D0A5A7B41A4648260076EC41 /* CoreGraphics.framework */,
				D0A5A7B21A46481F0076EC41 /* CFNetwork.framework */,
				D0A5A7B01A46481A0076EC41 /* AudioToolbox.framework */,
				D0A5A7AB1A4647FD0076EC41 /* Bolts.framework */,
				D0A5A7AC1A4647FD0076EC41 /* Parse.framework */,
			);
			name = Frameworks;
			sourceTree = "<group>";
		};
		D0A5A7C81A465C550076EC41 /* Images */ = {
			isa = PBXGroup;
			children = (
				D0A5A7D31A46602B0076EC41 /* usernamefield.png */,
				D0A5A7D41A46602B0076EC41 /* usernamefield@2x.png */,
				D0A5A7D51A46602B0076EC41 /* usernamefield@3x.png */,
				D0A5A7CD1A465DEF0076EC41 /* mapblurred@1x.png */,
				D0A5A7CE1A465DEF0076EC41 /* mapblurred@2x.png */,
				D0A5A7CF1A465DEF0076EC41 /* mapblurred@3x.png */,
			);
			path = Images;
			sourceTree = "<group>";
		};
/* End PBXGroup section */

/* Begin PBXNativeTarget section */
		D0A5A7811A4617640076EC41 /* easy find 2 */ = {
			isa = PBXNativeTarget;
			buildConfigurationList = D0A5A7A51A4617640076EC41 /* Build configuration list for PBXNativeTarget "easy find 2" */;
			buildPhases = (
				D0A5A77E1A4617640076EC41 /* Sources */,
				D0A5A77F1A4617640076EC41 /* Frameworks */,
				D0A5A7801A4617640076EC41 /* Resources */,
			);
			buildRules = (
			);
			dependencies = (
			);
			name = "easy find 2";
			productName = "easy find 2";
			productReference = D0A5A7821A4617640076EC41 /* easy find 2.app */;
			productType = "com.apple.product-type.application";
		};
		D0A5A79A1A4617640076EC41 /* easy find 2Tests */ = {
			isa = PBXNativeTarget;
			buildConfigurationList = D0A5A7A81A4617640076EC41 /* Build configuration list for PBXNativeTarget "easy find 2Tests" */;
			buildPhases = (
				D0A5A7971A4617640076EC41 /* Sources */,
				D0A5A7981A4617640076EC41 /* Frameworks */,
				D0A5A7991A4617640076EC41 /* Resources */,
			);
			buildRules = (
			);
			dependencies = (
				D0A5A79D1A4617640076EC41 /* PBXTargetDependency */,
			);
			name = "easy find 2Tests";
			productName = "easy find 2Tests";
			productReference = D0A5A79B1A4617640076EC41 /* easy find 2Tests.xctest */;
			productType = "com.apple.product-type.bundle.unit-test";
		};
/* End PBXNativeTarget section */

/* Begin PBXProject section */
		D0A5A77A1A4617640076EC41 /* Project object */ = {
			isa = PBXProject;
			attributes = {
				LastUpgradeCheck = 0610;
				ORGANIZATIONNAME = "Misbah Khan";
				TargetAttributes = {
					D0A5A7811A4617640076EC41 = {
						CreatedOnToolsVersion = 6.1.1;
						DevelopmentTeam = T5X2X383ZA;
					};
					D0A5A79A1A4617640076EC41 = {
						CreatedOnToolsVersion = 6.1.1;
						TestTargetID = D0A5A7811A4617640076EC41;
					};
				};
			};
			buildConfigurationList = D0A5A77D1A4617640076EC41 /* Build configuration list for PBXProject "easy find 2" */;
			compatibilityVersion = "Xcode 3.2";
			developmentRegion = English;
			hasScannedForEncodings = 0;
			knownRegions = (
				en,
				Base,
			);
			mainGroup = D0A5A7791A4617640076EC41;
			productRefGroup = D0A5A7831A4617640076EC41 /* Products */;
			projectDirPath = "";
			projectRoot = "";
			targets = (
				D0A5A7811A4617640076EC41 /* easy find 2 */,
				D0A5A79A1A4617640076EC41 /* easy find 2Tests */,
			);
		};
/* End PBXProject section */

/* Begin PBXResourcesBuildPhase section */
		D0A5A7801A4617640076EC41 /* Resources */ = {
			isa = PBXResourcesBuildPhase;
			buildActionMask = 2147483647;
			files = (
				D0A5A7D61A46602B0076EC41 /* usernamefield.png in Resources */,
				D0A5A7D21A465DEF0076EC41 /* mapblurred@3x.png in Resources */,
				D0A5A7D11A465DEF0076EC41 /* mapblurred@2x.png in Resources */,
				D0A5A7C71A4654660076EC41 /* API.config.h in Resources */,
				D0A5A7911A4617640076EC41 /* Main.storyboard in Resources */,
				D0A5A7D71A46602B0076EC41 /* usernamefield@2x.png in Resources */,
				D0A5A7D81A46602B0076EC41 /* usernamefield@3x.png in Resources */,
				D0A5A7D01A465DEF0076EC41 /* mapblurred@1x.png in Resources */,
				D0A5A7961A4617640076EC41 /* LaunchScreen.xib in Resources */,
				D0A5A7931A4617640076EC41 /* Images.xcassets in Resources */,
			);
			runOnlyForDeploymentPostprocessing = 0;
		};
		D0A5A7991A4617640076EC41 /* Resources */ = {
			isa = PBXResourcesBuildPhase;
			buildActionMask = 2147483647;
			files = (
			);
			runOnlyForDeploymentPostprocessing = 0;
		};
/* End PBXResourcesBuildPhase section */

/* Begin PBXSourcesBuildPhase section */
		D0A5A77E1A4617640076EC41 /* Sources */ = {
			isa = PBXSourcesBuildPhase;
			buildActionMask = 2147483647;
			files = (
				D0A5A78E1A4617640076EC41 /* ViewController.m in Sources */,
				D0A5A78B1A4617640076EC41 /* AppDelegate.m in Sources */,
				D0A5A7881A4617640076EC41 /* main.m in Sources */,
			);
			runOnlyForDeploymentPostprocessing = 0;
		};
		D0A5A7971A4617640076EC41 /* Sources */ = {
			isa = PBXSourcesBuildPhase;
			buildActionMask = 2147483647;
			files = (
				D0A5A7A21A4617640076EC41 /* easy_find_2Tests.m in Sources */,
			);
			runOnlyForDeploymentPostprocessing = 0;
		};
/* End PBXSourcesBuildPhase section */

/* Begin PBXTargetDependency section */
		D0A5A79D1A4617640076EC41 /* PBXTargetDependency */ = {
			isa = PBXTargetDependency;
			target = D0A5A7811A4617640076EC41 /* easy find 2 */;
			targetProxy = D0A5A79C1A4617640076EC41 /* PBXContainerItemProxy */;
		};
/* End PBXTargetDependency section */

/* Begin PBXVariantGroup section */
		D0A5A78F1A4617640076EC41 /* Main.storyboard */ = {
			isa = PBXVariantGroup;
			children = (
				D0A5A7901A4617640076EC41 /* Base */,
			);
			name = Main.storyboard;
			sourceTree = "<group>";
		};
		D0A5A7941A4617640076EC41 /* LaunchScreen.xib */ = {
			isa = PBXVariantGroup;
			children = (
				D0A5A7951A4617640076EC41 /* Base */,
			);
			name = LaunchScreen.xib;
			sourceTree = "<group>";
		};
/* End PBXVariantGroup section */

/* Begin XCBuildConfiguration section */
		D0A5A7A31A4617640076EC41 /* Debug */ = {
			isa = XCBuildConfiguration;
			buildSettings = {
				ALWAYS_SEARCH_USER_PATHS = NO;
				CLANG_CXX_LANGUAGE_STANDARD = "gnu++0x";
				CLANG_CXX_LIBRARY = "libc++";
				CLANG_ENABLE_MODULES = YES;
				CLANG_ENABLE_OBJC_ARC = YES;
				CLANG_WARN_BOOL_CONVERSION = YES;
				CLANG_WARN_CONSTANT_CONVERSION = YES;
				CLANG_WARN_DIRECT_OBJC_ISA_USAGE = YES_ERROR;
				CLANG_WARN_EMPTY_BODY = YES;
				CLANG_WARN_ENUM_CONVERSION = YES;
				CLANG_WARN_INT_CONVERSION = YES;
				CLANG_WARN_OBJC_ROOT_CLASS = YES_ERROR;
				CLANG_WARN_UNREACHABLE_CODE = YES;
				CLANG_WARN__DUPLICATE_METHOD_MATCH = YES;
				"CODE_SIGN_IDENTITY[sdk=iphoneos*]" = "iPhone Developer";
				COPY_PHASE_STRIP = NO;
				ENABLE_STRICT_OBJC_MSGSEND = YES;
				GCC_C_LANGUAGE_STANDARD = gnu99;
				GCC_DYNAMIC_NO_PIC = NO;
				GCC_OPTIMIZATION_LEVEL = 0;
				GCC_PREPROCESSOR_DEFINITIONS = (
					"DEBUG=1",
					"$(inherited)",
				);
				GCC_SYMBOLS_PRIVATE_EXTERN = NO;
				GCC_WARN_64_TO_32_BIT_CONVERSION = YES;
				GCC_WARN_ABOUT_RETURN_TYPE = YES_ERROR;
				GCC_WARN_UNDECLARED_SELECTOR = YES;
				GCC_WARN_UNINITIALIZED_AUTOS = YES_AGGRESSIVE;
				GCC_WARN_UNUSED_FUNCTION = YES;
				GCC_WARN_UNUSED_VARIABLE = YES;
				IPHONEOS_DEPLOYMENT_TARGET = 8.1;
				MTL_ENABLE_DEBUG_INFO = YES;
				ONLY_ACTIVE_ARCH = YES;
				SDKROOT = iphoneos;
				TARGETED_DEVICE_FAMILY = "1,2";
			};
			name = Debug;
		};
		D0A5A7A41A4617640076EC41 /* Release */ = {
			isa = XCBuildConfiguration;
			buildSettings = {
				ALWAYS_SEARCH_USER_PATHS = NO;
				CLANG_CXX_LANGUAGE_STANDARD = "gnu++0x";
				CLANG_CXX_LIBRARY = "libc++";
				CLANG_ENABLE_MODULES = YES;
				CLANG_ENABLE_OBJC_ARC = YES;
				CLANG_WARN_BOOL_CONVERSION = YES;
				CLANG_WARN_CONSTANT_CONVERSION = YES;
				CLANG_WARN_DIRECT_OBJC_ISA_USAGE = YES_ERROR;
				CLANG_WARN_EMPTY_BODY = YES;
				CLANG_WARN_ENUM_CONVERSION = YES;
				CLANG_WARN_INT_CONVERSION = YES;
				CLANG_WARN_OBJC_ROOT_CLASS = YES_ERROR;
				CLANG_WARN_UNREACHABLE_CODE = YES;
				CLANG_WARN__DUPLICATE_METHOD_MATCH = YES;
				"CODE_SIGN_IDENTITY[sdk=iphoneos*]" = "iPhone Developer";
				COPY_PHASE_STRIP = YES;
				ENABLE_NS_ASSERTIONS = NO;
				ENABLE_STRICT_OBJC_MSGSEND = YES;
				GCC_C_LANGUAGE_STANDARD = gnu99;
				GCC_WARN_64_TO_32_BIT_CONVERSION = YES;
				GCC_WARN_ABOUT_RETURN_TYPE = YES_ERROR;
				GCC_WARN_UNDECLARED_SELECTOR = YES;
				GCC_WARN_UNINITIALIZED_AUTOS = YES_AGGRESSIVE;
				GCC_WARN_UNUSED_FUNCTION = YES;
				GCC_WARN_UNUSED_VARIABLE = YES;
				IPHONEOS_DEPLOYMENT_TARGET = 8.1;
				MTL_ENABLE_DEBUG_INFO = NO;
				SDKROOT = iphoneos;
				TARGETED_DEVICE_FAMILY = "1,2";
				VALIDATE_PRODUCT = YES;
			};
			name = Release;
		};
		D0A5A7A61A4617640076EC41 /* Debug */ = {
			isa = XCBuildConfiguration;
			buildSettings = {
				ASSETCATALOG_COMPILER_APPICON_NAME = AppIcon;
				CODE_SIGN_IDENTITY = "iPhone Developer";
				"CODE_SIGN_IDENTITY[sdk=iphoneos*]" = "iPhone Developer";
				FRAMEWORK_SEARCH_PATHS = (
					"$(inherited)",
					"$(PROJECT_DIR)/easy",
					find,
					2,
				);
				INFOPLIST_FILE = "easy find 2/Info.plist";
				IPHONEOS_DEPLOYMENT_TARGET = 7.1;
				LD_RUNPATH_SEARCH_PATHS = "$(inherited) @executable_path/Frameworks";
				PRODUCT_NAME = "$(TARGET_NAME)";
				PROVISIONING_PROFILE = "";
			};
			name = Debug;
		};
		D0A5A7A71A4617640076EC41 /* Release */ = {
			isa = XCBuildConfiguration;
			buildSettings = {
				ASSETCATALOG_COMPILER_APPICON_NAME = AppIcon;
				CODE_SIGN_IDENTITY = "iPhone Developer";
				"CODE_SIGN_IDENTITY[sdk=iphoneos*]" = "iPhone Developer";
				FRAMEWORK_SEARCH_PATHS = (
					"$(inherited)",
					"$(PROJECT_DIR)/easy",
					find,
					2,
				);
				INFOPLIST_FILE = "easy find 2/Info.plist";
				IPHONEOS_DEPLOYMENT_TARGET = 7.1;
				LD_RUNPATH_SEARCH_PATHS = "$(inherited) @executable_path/Frameworks";
				PRODUCT_NAME = "$(TARGET_NAME)";
				PROVISIONING_PROFILE = "";
			};
			name = Release;
		};
		D0A5A7A91A4617640076EC41 /* Debug */ = {
			isa = XCBuildConfiguration;
			buildSettings = {
				BUNDLE_LOADER = "$(TEST_HOST)";
				FRAMEWORK_SEARCH_PATHS = (
					"$(SDKROOT)/Developer/Library/Frameworks",
					"$(inherited)",
				);
				GCC_PREPROCESSOR_DEFINITIONS = (
					"DEBUG=1",
					"$(inherited)",
				);
				INFOPLIST_FILE = "easy find 2Tests/Info.plist";
				LD_RUNPATH_SEARCH_PATHS = "$(inherited) @executable_path/Frameworks @loader_path/Frameworks";
				PRODUCT_NAME = "$(TARGET_NAME)";
				TEST_HOST = "$(BUILT_PRODUCTS_DIR)/easy find 2.app/easy find 2";
			};
			name = Debug;
		};
		D0A5A7AA1A4617640076EC41 /* Release */ = {
			isa = XCBuildConfiguration;
			buildSettings = {
				BUNDLE_LOADER = "$(TEST_HOST)";
				FRAMEWORK_SEARCH_PATHS = (
					"$(SDKROOT)/Developer/Library/Frameworks",
					"$(inherited)",
				);
				INFOPLIST_FILE = "easy find 2Tests/Info.plist";
				LD_RUNPATH_SEARCH_PATHS = "$(inherited) @executable_path/Frameworks @loader_path/Frameworks";
				PRODUCT_NAME = "$(TARGET_NAME)";
				TEST_HOST = "$(BUILT_PRODUCTS_DIR)/easy find 2.app/easy find 2";
			};
			name = Release;
		};
/* End XCBuildConfiguration section */

/* Begin XCConfigurationList section */
		D0A5A77D1A4617640076EC41 /* Build configuration list for PBXProject "easy find 2" */ = {
			isa = XCConfigurationList;
			buildConfigurations = (
				D0A5A7A31A4617640076EC41 /* Debug */,
				D0A5A7A41A4617640076EC41 /* Release */,
			);
			defaultConfigurationIsVisible = 0;
			defaultConfigurationName = Release;
		};
		D0A5A7A51A4617640076EC41 /* Build configuration list for PBXNativeTarget "easy find 2" */ = {
			isa = XCConfigurationList;
			buildConfigurations = (
				D0A5A7A61A4617640076EC41 /* Debug */,
				D0A5A7A71A4617640076EC41 /* Release */,
			);
			defaultConfigurationIsVisible = 0;
		};
		D0A5A7A81A4617640076EC41 /* Build configuration list for PBXNativeTarget "easy find 2Tests" */ = {
			isa = XCConfigurationList;
			buildConfigurations = (
				D0A5A7A91A4617640076EC41 /* Debug */,
				D0A5A7AA1A4617640076EC41 /* Release */,
			);
			defaultConfigurationIsVisible = 0;
		};
/* End XCConfigurationList section */
	};
	rootObject = D0A5A77A1A4617640076EC41 /* Project object */;
}
